
Microsoft Visual Studio Solution File, Format Version 12.00
# Visual Studio Version 16
VisualStudioVersion = 16.0.29403.142
MinimumVisualStudioVersion = 10.0.40219.1
Project("{9A19103F-16F7-4668-BE54-9A1E7A4F7556}") = "TipCalc.Core", "TipCalc.Core\TipCalc.Core.csproj", "{4EDEF45B-786A-4DC1-BA3C-8FA42B6AA56A}"
EndProject
Project("{FAE04EC0-301F-11D3-BF4B-00C04F79EFBC}") = "TipCalc.UWP", "TipCalc.UWP\TipCalc.UWP.csproj", "{C6749C81-47E6-44C6-89A8-9FF0098AF4F0}"
EndProject
Project("{FAE04EC0-301F-11D3-BF4B-00C04F79EFBC}") = "TipCalc.Forms.UI.Android", "TipCalc.Forms.UI\TipCalc.Forms.UI.Android\TipCalc.Forms.UI.Android.csproj", "{C14C39B7-8360-408D-9BF4-DA9B140659A5}"
EndProject
Project("{9A19103F-16F7-4668-BE54-9A1E7A4F7556}") = "TipCalc.Forms.UI", "TipCalc.Forms.UI\TipCalc.Forms.UI\TipCalc.Forms.UI.csproj", "{CE0BD3D7-6AF3-4C32-9A1F-339DD02A80E9}"
EndProject
Project("{FAE04EC0-301F-11D3-BF4B-00C04F79EFBC}") = "TipCalc.Droid", "TipCalc.Droid\TipCalc.Droid.csproj", "{FE7C3808-76C3-46C0-BF9F-D37AA63721BF}"
EndProject
Project("{FAE04EC0-301F-11D3-BF4B-00C04F79EFBC}") = "TipCalc2.Droid", "TipCalc2.Droid\TipCalc2.Droid.csproj", "{6DCBDF9D-91E2-46E4-8337-D8F06D2DA31B}"
EndProject
Global
	GlobalSection(SolutionConfigurationPlatforms) = preSolution
		Debug|Any CPU = Debug|Any CPU
		Debug|ARM = Debug|ARM
		Debug|ARM64 = Debug|ARM64
		Debug|x64 = Debug|x64
		Debug|x86 = Debug|x86
		Release|Any CPU = Release|Any CPU
		Release|ARM = Release|ARM
		Release|ARM64 = Release|ARM64
		Release|x64 = Release|x64
		Release|x86 = Release|x86
	EndGlobalSection
	GlobalSection(ProjectConfigurationPlatforms) = postSolution
		{4EDEF45B-786A-4DC1-BA3C-8FA42B6AA56A}.Debug|Any CPU.ActiveCfg = Debug|Any CPU
		{4EDEF45B-786A-4DC1-BA3C-8FA42B6AA56A}.Debug|Any CPU.Build.0 = Debug|Any CPU
		{4EDEF45B-786A-4DC1-BA3C-8FA42B6AA56A}.Debug|ARM.ActiveCfg = Debug|Any CPU
		{4EDEF45B-786A-4DC1-BA3C-8FA42B6AA56A}.Debug|ARM.Build.0 = Debug|Any CPU
		{4EDEF45B-786A-4DC1-BA3C-8FA42B6AA56A}.Debug|ARM64.ActiveCfg = Debug|Any CPU
		{4EDEF45B-786A-4DC1-BA3C-8FA42B6AA56A}.Debug|ARM64.Build.0 = Debug|Any CPU
		{4EDEF45B-786A-4DC1-BA3C-8FA42B6AA56A}.Debug|x64.ActiveCfg = Debug|Any CPU
		{4EDEF45B-786A-4DC1-BA3C-8FA42B6AA56A}.Debug|x64.Build.0 = Debug|Any CPU
		{4EDEF45B-786A-4DC1-BA3C-8FA42B6AA56A}.Debug|x86.ActiveCfg = Debug|Any CPU
		{4EDEF45B-786A-4DC1-BA3C-8FA42B6AA56A}.Debug|x86.Build.0 = Debug|Any CPU
		{4EDEF45B-786A-4DC1-BA3C-8FA42B6AA56A}.Release|Any CPU.ActiveCfg = Release|Any CPU
		{4EDEF45B-786A-4DC1-BA3C-8FA42B6AA56A}.Release|Any CPU.Build.0 = Release|Any CPU
		{4EDEF45B-786A-4DC1-BA3C-8FA42B6AA56A}.Release|ARM.ActiveCfg = Release|Any CPU
		{4EDEF45B-786A-4DC1-BA3C-8FA42B6AA56A}.Release|ARM.Build.0 = Release|Any CPU
		{4EDEF45B-786A-4DC1-BA3C-8FA42B6AA56A}.Release|ARM64.ActiveCfg = Release|Any CPU
		{4EDEF45B-786A-4DC1-BA3C-8FA42B6AA56A}.Release|ARM64.Build.0 = Release|Any CPU
		{4EDEF45B-786A-4DC1-BA3C-8FA42B6AA56A}.Release|x64.ActiveCfg = Release|Any CPU
		{4EDEF45B-786A-4DC1-BA3C-8FA42B6AA56A}.Release|x64.Build.0 = Release|Any CPU
		{4EDEF45B-786A-4DC1-BA3C-8FA42B6AA56A}.Release|x86.ActiveCfg = Release|Any CPU
		{4EDEF45B-786A-4DC1-BA3C-8FA42B6AA56A}.Release|x86.Build.0 = Release|Any CPU
		{C6749C81-47E6-44C6-89A8-9FF0098AF4F0}.Debug|Any CPU.ActiveCfg = Debug|x86
		{C6749C81-47E6-44C6-89A8-9FF0098AF4F0}.Debug|ARM.ActiveCfg = Debug|ARM
		{C6749C81-47E6-44C6-89A8-9FF0098AF4F0}.Debug|ARM.Build.0 = Debug|ARM
		{C6749C81-47E6-44C6-89A8-9FF0098AF4F0}.Debug|ARM.Deploy.0 = Debug|ARM
		{C6749C81-47E6-44C6-89A8-9FF0098AF4F0}.Debug|ARM64.ActiveCfg = Debug|ARM64
		{C6749C81-47E6-44C6-89A8-9FF0098AF4F0}.Debug|ARM64.Build.0 = Debug|ARM64
		{C6749C81-47E6-44C6-89A8-9FF0098AF4F0}.Debug|ARM64.Deploy.0 = Debug|ARM64
		{C6749C81-47E6-44C6-89A8-9FF0098AF4F0}.Debug|x64.ActiveCfg = Debug|x64
		{C6749C81-47E6-44C6-89A8-9FF0098AF4F0}.Debug|x64.Build.0 = Debug|x64
		{C6749C81-47E6-44C6-89A8-9FF0098AF4F0}.Debug|x64.Deploy.0 = Debug|x64
		{C6749C81-47E6-44C6-89A8-9FF0098AF4F0}.Debug|x86.ActiveCfg = Debug|x86
		{C6749C81-47E6-44C6-89A8-9FF0098AF4F0}.Debug|x86.Build.0 = Debug|x86
		{C6749C81-47E6-44C6-89A8-9FF0098AF4F0}.Debug|x86.Deploy.0 = Debug|x86
		{C6749C81-47E6-44C6-89A8-9FF0098AF4F0}.Release|Any CPU.ActiveCfg = Release|x86
		{C6749C81-47E6-44C6-89A8-9FF0098AF4F0}.Release|ARM.ActiveCfg = Release|ARM
		{C6749C81-47E6-44C6-89A8-9FF0098AF4F0}.Release|ARM.Build.0 = Release|ARM
		{C6749C81-47E6-44C6-89A8-9FF0098AF4F0}.Release|ARM.Deploy.0 = Release|ARM
		{C6749C81-47E6-44C6-89A8-9FF0098AF4F0}.Release|ARM64.ActiveCfg = Release|ARM64
		{C6749C81-47E6-44C6-89A8-9FF0098AF4F0}.Release|ARM64.Build.0 = Release|ARM64
		{C6749C81-47E6-44C6-89A8-9FF0098AF4F0}.Release|ARM64.Deploy.0 = Release|ARM64
		{C6749C81-47E6-44C6-89A8-9FF0098AF4F0}.Release|x64.ActiveCfg = Release|x64
		{C6749C81-47E6-44C6-89A8-9FF0098AF4F0}.Release|x64.Build.0 = Release|x64
		{C6749C81-47E6-44C6-89A8-9FF0098AF4F0}.Release|x64.Deploy.0 = Release|x64
		{C6749C81-47E6-44C6-89A8-9FF0098AF4F0}.Release|x86.ActiveCfg = Release|x86
		{C6749C81-47E6-44C6-89A8-9FF0098AF4F0}.Release|x86.Build.0 = Release|x86
		{C6749C81-47E6-44C6-89A8-9FF0098AF4F0}.Release|x86.Deploy.0 = Release|x86
		{C14C39B7-8360-408D-9BF4-DA9B140659A5}.Debug|Any CPU.ActiveCfg = Debug|Any CPU
		{C14C39B7-8360-408D-9BF4-DA9B140659A5}.Debug|Any CPU.Build.0 = Debug|Any CPU
		{C14C39B7-8360-408D-9BF4-DA9B140659A5}.Debug|Any CPU.Deploy.0 = Debug|Any CPU
		{C14C39B7-8360-408D-9BF4-DA9B140659A5}.Debug|ARM.ActiveCfg = Debug|Any CPU
		{C14C39B7-8360-408D-9BF4-DA9B140659A5}.Debug|ARM.Build.0 = Debug|Any CPU
		{C14C39B7-8360-408D-9BF4-DA9B140659A5}.Debug|ARM.Deploy.0 = Debug|Any CPU
		{C14C39B7-8360-408D-9BF4-DA9B140659A5}.Debug|ARM64.ActiveCfg = Debug|Any CPU
		{C14C39B7-8360-408D-9BF4-DA9B140659A5}.Debug|ARM64.Build.0 = Debug|Any CPU
		{C14C39B7-8360-408D-9BF4-DA9B140659A5}.Debug|ARM64.Deploy.0 = Debug|Any CPU
		{C14C39B7-8360-408D-9BF4-DA9B140659A5}.Debug|x64.ActiveCfg = Debug|Any CPU
		{C14C39B7-8360-408D-9BF4-DA9B140659A5}.Debug|x64.Build.0 = Debug|Any CPU
		{C14C39B7-8360-408D-9BF4-DA9B140659A5}.Debug|x64.Deploy.0 = Debug|Any CPU
		{C14C39B7-8360-408D-9BF4-DA9B140659A5}.Debug|x86.ActiveCfg = Debug|Any CPU
		{C14C39B7-8360-408D-9BF4-DA9B140659A5}.Debug|x86.Build.0 = Debug|Any CPU
		{C14C39B7-8360-408D-9BF4-DA9B140659A5}.Debug|x86.Deploy.0 = Debug|Any CPU
		{C14C39B7-8360-408D-9BF4-DA9B140659A5}.Release|Any CPU.ActiveCfg = Release|Any CPU
		{C14C39B7-8360-408D-9BF4-DA9B140659A5}.Release|Any CPU.Build.0 = Release|Any CPU
		{C14C39B7-8360-408D-9BF4-DA9B140659A5}.Release|Any CPU.Deploy.0 = Release|Any CPU
		{C14C39B7-8360-408D-9BF4-DA9B140659A5}.Release|ARM.ActiveCfg = Release|Any CPU
		{C14C39B7-8360-408D-9BF4-DA9B140659A5}.Release|ARM.Build.0 = Release|Any CPU
		{C14C39B7-8360-408D-9BF4-DA9B140659A5}.Release|ARM.Deploy.0 = Release|Any CPU
		{C14C39B7-8360-408D-9BF4-DA9B140659A5}.Release|ARM64.ActiveCfg = Release|Any CPU
		{C14C39B7-8360-408D-9BF4-DA9B140659A5}.Release|ARM64.Build.0 = Release|Any CPU
		{C14C39B7-8360-408D-9BF4-DA9B140659A5}.Release|ARM64.Deploy.0 = Release|Any CPU
		{C14C39B7-8360-408D-9BF4-DA9B140659A5}.Release|x64.ActiveCfg = Release|Any CPU
		{C14C39B7-8360-408D-9BF4-DA9B140659A5}.Release|x64.Build.0 = Release|Any CPU
		{C14C39B7-8360-408D-9BF4-DA9B140659A5}.Release|x64.Deploy.0 = Release|Any CPU
		{C14C39B7-8360-408D-9BF4-DA9B140659A5}.Release|x86.ActiveCfg = Release|Any CPU
		{C14C39B7-8360-408D-9BF4-DA9B140659A5}.Release|x86.Build.0 = Release|Any CPU
		{C14C39B7-8360-408D-9BF4-DA9B140659A5}.Release|x86.Deploy.0 = Release|Any CPU
		{CE0BD3D7-6AF3-4C32-9A1F-339DD02A80E9}.Debug|Any CPU.ActiveCfg = Debug|Any CPU
		{CE0BD3D7-6AF3-4C32-9A1F-339DD02A80E9}.Debug|Any CPU.Build.0 = Debug|Any CPU
		{CE0BD3D7-6AF3-4C32-9A1F-339DD02A80E9}.Debug|ARM.ActiveCfg = Debug|Any CPU
		{CE0BD3D7-6AF3-4C32-9A1F-339DD02A80E9}.Debug|ARM.Build.0 = Debug|Any CPU
		{CE0BD3D7-6AF3-4C32-9A1F-339DD02A80E9}.Debug|ARM64.ActiveCfg = Debug|Any CPU
		{CE0BD3D7-6AF3-4C32-9A1F-339DD02A80E9}.Debug|ARM64.Build.0 = Debug|Any CPU
		{CE0BD3D7-6AF3-4C32-9A1F-339DD02A80E9}.Debug|x64.ActiveCfg = Debug|Any CPU
		{CE0BD3D7-6AF3-4C32-9A1F-339DD02A80E9}.Debug|x64.Build.0 = Debug|Any CPU
		{CE0BD3D7-6AF3-4C32-9A1F-339DD02A80E9}.Debug|x86.ActiveCfg = Debug|Any CPU
		{CE0BD3D7-6AF3-4C32-9A1F-339DD02A80E9}.Debug|x86.Build.0 = Debug|Any CPU
		{CE0BD3D7-6AF3-4C32-9A1F-339DD02A80E9}.Release|Any CPU.ActiveCfg = Release|Any CPU
		{CE0BD3D7-6AF3-4C32-9A1F-339DD02A80E9}.Release|Any CPU.Build.0 = Release|Any CPU
		{CE0BD3D7-6AF3-4C32-9A1F-339DD02A80E9}.Release|ARM.ActiveCfg = Release|Any CPU
		{CE0BD3D7-6AF3-4C32-9A1F-339DD02A80E9}.Release|ARM.Build.0 = Release|Any CPU
		{CE0BD3D7-6AF3-4C32-9A1F-339DD02A80E9}.Release|ARM64.ActiveCfg = Release|Any CPU
		{CE0BD3D7-6AF3-4C32-9A1F-339DD02A80E9}.Release|ARM64.Build.0 = Release|Any CPU
		{CE0BD3D7-6AF3-4C32-9A1F-339DD02A80E9}.Release|x64.ActiveCfg = Release|Any CPU
		{CE0BD3D7-6AF3-4C32-9A1F-339DD02A80E9}.Release|x64.Build.0 = Release|Any CPU
		{CE0BD3D7-6AF3-4C32-9A1F-339DD02A80E9}.Release|x86.ActiveCfg = Release|Any CPU
		{CE0BD3D7-6AF3-4C32-9A1F-339DD02A80E9}.Release|x86.Build.0 = Release|Any CPU
		{FE7C3808-76C3-46C0-BF9F-D37AA63721BF}.Debug|Any CPU.ActiveCfg = Debug|Any CPU
		{FE7C3808-76C3-46C0-BF9F-D37AA63721BF}.Debug|Any CPU.Build.0 = Debug|Any CPU
		{FE7C3808-76C3-46C0-BF9F-D37AA63721BF}.Debug|Any CPU.Deploy.0 = Debug|Any CPU
		{FE7C3808-76C3-46C0-BF9F-D37AA63721BF}.Debug|ARM.ActiveCfg = Debug|Any CPU
		{FE7C3808-76C3-46C0-BF9F-D37AA63721BF}.Debug|ARM.Build.0 = Debug|Any CPU
		{FE7C3808-76C3-46C0-BF9F-D37AA63721BF}.Debug|ARM.Deploy.0 = Debug|Any CPU
		{FE7C3808-76C3-46C0-BF9F-D37AA63721BF}.Debug|ARM64.ActiveCfg = Debug|Any CPU
		{FE7C3808-76C3-46C0-BF9F-D37AA63721BF}.Debug|ARM64.Build.0 = Debug|Any CPU
		{FE7C3808-76C3-46C0-BF9F-D37AA63721BF}.Debug|ARM64.Deploy.0 = Debug|Any CPU
		{FE7C3808-76C3-46C0-BF9F-D37AA63721BF}.Debug|x64.ActiveCfg = Debug|Any CPU
		{FE7C3808-76C3-46C0-BF9F-D37AA63721BF}.Debug|x64.Build.0 = Debug|Any CPU
		{FE7C3808-76C3-46C0-BF9F-D37AA63721BF}.Debug|x64.Deploy.0 = Debug|Any CPU
		{FE7C3808-76C3-46C0-BF9F-D37AA63721BF}.Debug|x86.ActiveCfg = Debug|Any CPU
		{FE7C3808-76C3-46C0-BF9F-D37AA63721BF}.Debug|x86.Build.0 = Debug|Any CPU
		{FE7C3808-76C3-46C0-BF9F-D37AA63721BF}.Debug|x86.Deploy.0 = Debug|Any CPU
		{FE7C3808-76C3-46C0-BF9F-D37AA63721BF}.Release|Any CPU.ActiveCfg = Release|Any CPU
		{FE7C3808-76C3-46C0-BF9F-D37AA63721BF}.Release|Any CPU.Build.0 = Release|Any CPU
		{FE7C3808-76C3-46C0-BF9F-D37AA63721BF}.Release|Any CPU.Deploy.0 = Release|Any CPU
		{FE7C3808-76C3-46C0-BF9F-D37AA63721BF}.Release|ARM.ActiveCfg = Release|Any CPU
		{FE7C3808-76C3-46C0-BF9F-D37AA63721BF}.Release|ARM.Build.0 = Release|Any CPU
		{FE7C3808-76C3-46C0-BF9F-D37AA63721BF}.Release|ARM.Deploy.0 = Release|Any CPU
		{FE7C3808-76C3-46C0-BF9F-D37AA63721BF}.Release|ARM64.ActiveCfg = Release|Any CPU
		{FE7C3808-76C3-46C0-BF9F-D37AA63721BF}.Release|ARM64.Build.0 = Release|Any CPU
		{FE7C3808-76C3-46C0-BF9F-D37AA63721BF}.Release|ARM64.Deploy.0 = Release|Any CPU
		{FE7C3808-76C3-46C0-BF9F-D37AA63721BF}.Release|x64.ActiveCfg = Release|Any CPU
		{FE7C3808-76C3-46C0-BF9F-D37AA63721BF}.Release|x64.Build.0 = Release|Any CPU
		{FE7C3808-76C3-46C0-BF9F-D37AA63721BF}.Release|x64.Deploy.0 = Release|Any CPU
		{FE7C3808-76C3-46C0-BF9F-D37AA63721BF}.Release|x86.ActiveCfg = Release|Any CPU
		{FE7C3808-76C3-46C0-BF9F-D37AA63721BF}.Release|x86.Build.0 = Release|Any CPU
		{FE7C3808-76C3-46C0-BF9F-D37AA63721BF}.Release|x86.Deploy.0 = Release|Any CPU
		{6DCBDF9D-91E2-46E4-8337-D8F06D2DA31B}.Debug|Any CPU.ActiveCfg = Debug|Any CPU
		{6DCBDF9D-91E2-46E4-8337-D8F06D2DA31B}.Debug|Any CPU.Build.0 = Debug|Any CPU
		{6DCBDF9D-91E2-46E4-8337-D8F06D2DA31B}.Debug|Any CPU.Deploy.0 = Debug|Any CPU
		{6DCBDF9D-91E2-46E4-8337-D8F06D2DA31B}.Debug|ARM.ActiveCfg = Debug|Any CPU
		{6DCBDF9D-91E2-46E4-8337-D8F06D2DA31B}.Debug|ARM.Build.0 = Debug|Any CPU
		{6DCBDF9D-91E2-46E4-8337-D8F06D2DA31B}.Debug|ARM.Deploy.0 = Debug|Any CPU
		{6DCBDF9D-91E2-46E4-8337-D8F06D2DA31B}.Debug|ARM64.ActiveCfg = Debug|Any CPU
		{6DCBDF9D-91E2-46E4-8337-D8F06D2DA31B}.Debug|ARM64.Build.0 = Debug|Any CPU
		{6DCBDF9D-91E2-46E4-8337-D8F06D2DA31B}.Debug|ARM64.Deploy.0 = Debug|Any CPU
		{6DCBDF9D-91E2-46E4-8337-D8F06D2DA31B}.Debug|x64.ActiveCfg = Debug|Any CPU
		{6DCBDF9D-91E2-46E4-8337-D8F06D2DA31B}.Debug|x64.Build.0 = Debug|Any CPU
		{6DCBDF9D-91E2-46E4-8337-D8F06D2DA31B}.Debug|x64.Deploy.0 = Debug|Any CPU
		{6DCBDF9D-91E2-46E4-8337-D8F06D2DA31B}.Debug|x86.ActiveCfg = Debug|Any CPU
		{6DCBDF9D-91E2-46E4-8337-D8F06D2DA31B}.Debug|x86.Build.0 = Debug|Any CPU
		{6DCBDF9D-91E2-46E4-8337-D8F06D2DA31B}.Debug|x86.Deploy.0 = Debug|Any CPU
		{6DCBDF9D-91E2-46E4-8337-D8F06D2DA31B}.Release|Any CPU.ActiveCfg = Release|Any CPU
		{6DCBDF9D-91E2-46E4-8337-D8F06D2DA31B}.Release|Any CPU.Build.0 = Release|Any CPU
		{6DCBDF9D-91E2-46E4-8337-D8F06D2DA31B}.Release|Any CPU.Deploy.0 = Release|Any CPU
		{6DCBDF9D-91E2-46E4-8337-D8F06D2DA31B}.Release|ARM.ActiveCfg = Release|Any CPU
		{6DCBDF9D-91E2-46E4-8337-D8F06D2DA31B}.Release|ARM.Build.0 = Release|Any CPU
		{6DCBDF9D-91E2-46E4-8337-D8F06D2DA31B}.Release|ARM.Deploy.0 = Release|Any CPU
		{6DCBDF9D-91E2-46E4-8337-D8F06D2DA31B}.Release|ARM64.ActiveCfg = Release|Any CPU
		{6DCBDF9D-91E2-46E4-8337-D8F06D2DA31B}.Release|ARM64.Build.0 = Release|Any CPU
		{6DCBDF9D-91E2-46E4-8337-D8F06D2DA31B}.Release|ARM64.Deploy.0 = Release|Any CPU
		{6DCBDF9D-91E2-46E4-8337-D8F06D2DA31B}.Release|x64.ActiveCfg = Release|Any CPU
		{6DCBDF9D-91E2-46E4-8337-D8F06D2DA31B}.Release|x64.Build.0 = Release|Any CPU
		{6DCBDF9D-91E2-46E4-8337-D8F06D2DA31B}.Release|x64.Deploy.0 = Release|Any CPU
		{6DCBDF9D-91E2-46E4-8337-D8F06D2DA31B}.Release|x86.ActiveCfg = Release|Any CPU
		{6DCBDF9D-91E2-46E4-8337-D8F06D2DA31B}.Release|x86.Build.0 = Release|Any CPU
		{6DCBDF9D-91E2-46E4-8337-D8F06D2DA31B}.Release|x86.Deploy.0 = Release|Any CPU
	EndGlobalSection
	GlobalSection(SolutionProperties) = preSolution
		HideSolutionNode = FALSE
	EndGlobalSection
	GlobalSection(ExtensibilityGlobals) = postSolution
		SolutionGuid = {F89390F1-413B-4BA9-AC5E-2CCE9ADED75B}
	EndGlobalSection
EndGlobal
